
Microsoft Visual Studio Solution File, Format Version 12.00
# Visual Studio 15
VisualStudioVersion = 15.0.28307.852
MinimumVisualStudioVersion = 10.0.40219.1
Project("{FAE04EC0-301F-11D3-BF4B-00C04F79EFBC}") = "RandomStringGenerator-Control", "RandomStringGenerator-Control\RandomStringGenerator-Control.csproj", "{E3ECC31C-FFDC-4166-B628-07CB95FAF248}"
EndProject
Project("{FAE04EC0-301F-11D3-BF4B-00C04F79EFBC}") = "RandomStringGenerator-DLL", "RandomStringGenerator-DLL\RandomStringGenerator-DLL.csproj", "{5C6A371E-60BE-454C-A8D5-6A598A854A0D}"
EndProject
Project("{FAE04EC0-301F-11D3-BF4B-00C04F79EFBC}") = "RandomStringGenerator-DLL-TEXT", "RandomStringGenerator-DLL-TEXT\RandomStringGenerator-DLL-TEXT.csproj", "{D72989A0-456A-44FA-8B8E-5D91338DFFBB}"
EndProject
Global
	GlobalSection(SolutionConfigurationPlatforms) = preSolution
		Debug|Any CPU = Debug|Any CPU
		Debug|x64 = Debug|x64
		Debug|x86 = Debug|x86
		Release|Any CPU = Release|Any CPU
		Release|x64 = Release|x64
		Release|x86 = Release|x86
	EndGlobalSection
	GlobalSection(ProjectConfigurationPlatforms) = postSolution
		{E3ECC31C-FFDC-4166-B628-07CB95FAF248}.Debug|Any CPU.ActiveCfg = Debug|Any CPU
		{E3ECC31C-FFDC-4166-B628-07CB95FAF248}.Debug|Any CPU.Build.0 = Debug|Any CPU
		{E3ECC31C-FFDC-4166-B628-07CB95FAF248}.Debug|x64.ActiveCfg = Debug|Any CPU
		{E3ECC31C-FFDC-4166-B628-07CB95FAF248}.Debug|x64.Build.0 = Debug|Any CPU
		{E3ECC31C-FFDC-4166-B628-07CB95FAF248}.Debug|x86.ActiveCfg = Debug|Any CPU
		{E3ECC31C-FFDC-4166-B628-07CB95FAF248}.Debug|x86.Build.0 = Debug|Any CPU
		{E3ECC31C-FFDC-4166-B628-07CB95FAF248}.Release|Any CPU.ActiveCfg = Release|Any CPU
		{E3ECC31C-FFDC-4166-B628-07CB95FAF248}.Release|Any CPU.Build.0 = Release|Any CPU
		{E3ECC31C-FFDC-4166-B628-07CB95FAF248}.Release|x64.ActiveCfg = Release|Any CPU
		{E3ECC31C-FFDC-4166-B628-07CB95FAF248}.Release|x64.Build.0 = Release|Any CPU
		{E3ECC31C-FFDC-4166-B628-07CB95FAF248}.Release|x86.ActiveCfg = Release|Any CPU
		{E3ECC31C-FFDC-4166-B628-07CB95FAF248}.Release|x86.Build.0 = Release|Any CPU
		{5C6A371E-60BE-454C-A8D5-6A598A854A0D}.Debug|Any CPU.ActiveCfg = Debug|Any CPU
		{5C6A371E-60BE-454C-A8D5-6A598A854A0D}.Debug|Any CPU.Build.0 = Debug|Any CPU
		{5C6A371E-60BE-454C-A8D5-6A598A854A0D}.Debug|x64.ActiveCfg = Debug|Any CPU
		{5C6A371E-60BE-454C-A8D5-6A598A854A0D}.Debug|x64.Build.0 = Debug|Any CPU
		{5C6A371E-60BE-454C-A8D5-6A598A854A0D}.Debug|x86.ActiveCfg = Debug|Any CPU
		{5C6A371E-60BE-454C-A8D5-6A598A854A0D}.Debug|x86.Build.0 = Debug|Any CPU
		{5C6A371E-60BE-454C-A8D5-6A598A854A0D}.Release|Any CPU.ActiveCfg = Release|Any CPU
		{5C6A371E-60BE-454C-A8D5-6A598A854A0D}.Release|Any CPU.Build.0 = Release|Any CPU
		{5C6A371E-60BE-454C-A8D5-6A598A854A0D}.Release|x64.ActiveCfg = Release|Any CPU
		{5C6A371E-60BE-454C-A8D5-6A598A854A0D}.Release|x64.Build.0 = Release|Any CPU
		{5C6A371E-60BE-454C-A8D5-6A598A854A0D}.Release|x86.ActiveCfg = Release|Any CPU
		{5C6A371E-60BE-454C-A8D5-6A598A854A0D}.Release|x86.Build.0 = Release|Any CPU
		{D72989A0-456A-44FA-8B8E-5D91338DFFBB}.Debug|Any CPU.ActiveCfg = Debug|Any CPU
		{D72989A0-456A-44FA-8B8E-5D91338DFFBB}.Debug|Any CPU.Build.0 = Debug|Any CPU
		{D72989A0-456A-44FA-8B8E-5D91338DFFBB}.Debug|x64.ActiveCfg = Debug|Any CPU
		{D72989A0-456A-44FA-8B8E-5D91338DFFBB}.Debug|x64.Build.0 = Debug|Any CPU
		{D72989A0-456A-44FA-8B8E-5D91338DFFBB}.Debug|x86.ActiveCfg = Debug|Any CPU
		{D72989A0-456A-44FA-8B8E-5D91338DFFBB}.Debug|x86.Build.0 = Debug|Any CPU
		{D72989A0-456A-44FA-8B8E-5D91338DFFBB}.Release|Any CPU.ActiveCfg = Release|Any CPU
		{D72989A0-456A-44FA-8B8E-5D91338DFFBB}.Release|Any CPU.Build.0 = Release|Any CPU
		{D72989A0-456A-44FA-8B8E-5D91338DFFBB}.Release|x64.ActiveCfg = Release|Any CPU
		{D72989A0-456A-44FA-8B8E-5D91338DFFBB}.Release|x64.Build.0 = Release|Any CPU
		{D72989A0-456A-44FA-8B8E-5D91338DFFBB}.Release|x86.ActiveCfg = Release|Any CPU
		{D72989A0-456A-44FA-8B8E-5D91338DFFBB}.Release|x86.Build.0 = Release|Any CPU
	EndGlobalSection
	GlobalSection(SolutionProperties) = preSolution
		HideSolutionNode = FALSE
	EndGlobalSection
	GlobalSection(ExtensibilityGlobals) = postSolution
		SolutionGuid = {2EEAD11D-F0AA-4C05-A1F9-5CB17CDE422B}
	EndGlobalSection
EndGlobal
